// !$*UTF8*$!
{
	archiveVersion = 1;
	classes = {
	};
	objectVersion = 46;
	objects = {

/* Begin PBXBuildFile section */
		296F5DD612FBC81E009530FE /* pal_timer_apple.h in Headers */ = {isa = PBXBuildFile; fileRef = 296F5DD512FBC81E009530FE /* pal_timer_apple.h */; };
		296F5DD913010590009530FE /* pal_file_apple.h in Headers */ = {isa = PBXBuildFile; fileRef = 296F5DD813010590009530FE /* pal_file_apple.h */; };
		296FCEDB1304F389004C6887 /* pal_simd_sse_impl.h in Headers */ = {isa = PBXBuildFile; fileRef = 296FCED91304F389004C6887 /* pal_simd_sse_impl.h */; };
		296FCEDC1304F389004C6887 /* pal_simd_sse_types.h in Headers */ = {isa = PBXBuildFile; fileRef = 296FCEDA1304F389004C6887 /* pal_simd_sse_types.h */; };
		296FCEDF1304F3A5004C6887 /* pal_simd_impl-inl.h in Headers */ = {isa = PBXBuildFile; fileRef = 296FCEDD1304F3A2004C6887 /* pal_simd_impl-inl.h */; };
		296FCEE01304F3A5004C6887 /* pal_simd_types-inl.h in Headers */ = {isa = PBXBuildFile; fileRef = 296FCEDE1304F3A3004C6887 /* pal_simd_types-inl.h */; };
		29F0C6CB12FBBCB700A5E33E /* pal_adi_keyboard_symbols.h in Headers */ = {isa = PBXBuildFile; fileRef = 29F0C67912FBBCB700A5E33E /* pal_adi_keyboard_symbols.h */; };
		29F0C6CC12FBBCB700A5E33E /* pal_adi_mouse_symbols.h in Headers */ = {isa = PBXBuildFile; fileRef = 29F0C67A12FBBCB700A5E33E /* pal_adi_mouse_symbols.h */; };
		29F0C6CD12FBBCB700A5E33E /* pal_adi.cpp in Sources */ = {isa = PBXBuildFile; fileRef = 29F0C67B12FBBCB700A5E33E /* pal_adi.cpp */; };
		29F0C6CE12FBBCB700A5E33E /* pal_adi.h in Headers */ = {isa = PBXBuildFile; fileRef = 29F0C67C12FBBCB700A5E33E /* pal_adi.h */; };
		29F0C6CF12FBBCB700A5E33E /* pal_algorithms.cpp in Sources */ = {isa = PBXBuildFile; fileRef = 29F0C67D12FBBCB700A5E33E /* pal_algorithms.cpp */; };
		29F0C6D012FBBCB700A5E33E /* pal_algorithms.h in Headers */ = {isa = PBXBuildFile; fileRef = 29F0C67E12FBBCB700A5E33E /* pal_algorithms.h */; };
		29F0C6D112FBBCB700A5E33E /* pal_align.cpp in Sources */ = {isa = PBXBuildFile; fileRef = 29F0C67F12FBBCB700A5E33E /* pal_align.cpp */; };
		29F0C6D212FBBCB700A5E33E /* pal_align.h in Headers */ = {isa = PBXBuildFile; fileRef = 29F0C68012FBBCB700A5E33E /* pal_align.h */; };
		29F0C6D312FBBCB700A5E33E /* pal_allocator.cpp in Sources */ = {isa = PBXBuildFile; fileRef = 29F0C68112FBBCB700A5E33E /* pal_allocator.cpp */; };
		29F0C6D412FBBCB700A5E33E /* pal_allocator.h in Headers */ = {isa = PBXBuildFile; fileRef = 29F0C68212FBBCB700A5E33E /* pal_allocator.h */; };
		29F0C6D512FBBCB700A5E33E /* pal_array.h in Headers */ = {isa = PBXBuildFile; fileRef = 29F0C68312FBBCB700A5E33E /* pal_array.h */; };
		29F0C6D612FBBCB700A5E33E /* pal_atomic_inl.h in Headers */ = {isa = PBXBuildFile; fileRef = 29F0C68412FBBCB700A5E33E /* pal_atomic_inl.h */; };
		29F0C6D712FBBCB700A5E33E /* pal_atomic.h in Headers */ = {isa = PBXBuildFile; fileRef = 29F0C68512FBBCB700A5E33E /* pal_atomic.h */; };
		29F0C6D812FBBCB700A5E33E /* pal_binary_reader.cpp in Sources */ = {isa = PBXBuildFile; fileRef = 29F0C68612FBBCB700A5E33E /* pal_binary_reader.cpp */; };
		29F0C6D912FBBCB700A5E33E /* pal_binary_reader.h in Headers */ = {isa = PBXBuildFile; fileRef = 29F0C68712FBBCB700A5E33E /* pal_binary_reader.h */; };
		29F0C6DA12FBBCB700A5E33E /* pal_compacting_allocator.cpp in Sources */ = {isa = PBXBuildFile; fileRef = 29F0C68812FBBCB700A5E33E /* pal_compacting_allocator.cpp */; };
		29F0C6DB12FBBCB700A5E33E /* pal_compacting_allocator.h in Headers */ = {isa = PBXBuildFile; fileRef = 29F0C68912FBBCB700A5E33E /* pal_compacting_allocator.h */; };
		29F0C6DC12FBBCB700A5E33E /* pal_console.cpp in Sources */ = {isa = PBXBuildFile; fileRef = 29F0C68A12FBBCB700A5E33E /* pal_console.cpp */; };
		29F0C6DD12FBBCB700A5E33E /* pal_console.h in Headers */ = {isa = PBXBuildFile; fileRef = 29F0C68B12FBBCB700A5E33E /* pal_console.h */; };
		29F0C6DE12FBBCB700A5E33E /* pal_debug.cpp in Sources */ = {isa = PBXBuildFile; fileRef = 29F0C68C12FBBCB700A5E33E /* pal_debug.cpp */; };
		29F0C6DF12FBBCB700A5E33E /* pal_debug.h in Headers */ = {isa = PBXBuildFile; fileRef = 29F0C68D12FBBCB700A5E33E /* pal_debug.h */; };
		29F0C6E012FBBCB700A5E33E /* pal_delegate_internal.h in Headers */ = {isa = PBXBuildFile; fileRef = 29F0C68E12FBBCB700A5E33E /* pal_delegate_internal.h */; };
		29F0C6E112FBBCB700A5E33E /* pal_delegate.h in Headers */ = {isa = PBXBuildFile; fileRef = 29F0C68F12FBBCB700A5E33E /* pal_delegate.h */; };
		29F0C6E212FBBCB700A5E33E /* pal_endian.h in Headers */ = {isa = PBXBuildFile; fileRef = 29F0C69012FBBCB700A5E33E /* pal_endian.h */; };
		29F0C6E312FBBCB700A5E33E /* pal_event.cpp in Sources */ = {isa = PBXBuildFile; fileRef = 29F0C69112FBBCB700A5E33E /* pal_event.cpp */; };
		29F0C6E412FBBCB700A5E33E /* pal_event.h in Headers */ = {isa = PBXBuildFile; fileRef = 29F0C69212FBBCB700A5E33E /* pal_event.h */; };
		29F0C6E512FBBCB700A5E33E /* pal_file.cpp in Sources */ = {isa = PBXBuildFile; fileRef = 29F0C69312FBBCB700A5E33E /* pal_file.cpp */; };
		29F0C6E612FBBCB700A5E33E /* pal_file.h in Headers */ = {isa = PBXBuildFile; fileRef = 29F0C69412FBBCB700A5E33E /* pal_file.h */; };
		29F0C6E712FBBCB700A5E33E /* pal_font_rasterizer_freetype.cpp in Sources */ = {isa = PBXBuildFile; fileRef = 29F0C69512FBBCB700A5E33E /* pal_font_rasterizer_freetype.cpp */; };
		29F0C6E812FBBCB700A5E33E /* pal_font_rasterizer_freetype.h in Headers */ = {isa = PBXBuildFile; fileRef = 29F0C69612FBBCB700A5E33E /* pal_font_rasterizer_freetype.h */; };
		29F0C6E912FBBCB700A5E33E /* pal_font_rasterizer_stb.cpp in Sources */ = {isa = PBXBuildFile; fileRef = 29F0C69712FBBCB700A5E33E /* pal_font_rasterizer_stb.cpp */; };
		29F0C6EA12FBBCB700A5E33E /* pal_font_rasterizer_stb.h in Headers */ = {isa = PBXBuildFile; fileRef = 29F0C69812FBBCB700A5E33E /* pal_font_rasterizer_stb.h */; };
		29F0C6EB12FBBCB700A5E33E /* pal_font_rasterizer.cpp in Sources */ = {isa = PBXBuildFile; fileRef = 29F0C69912FBBCB700A5E33E /* pal_font_rasterizer.cpp */; };
		29F0C6EC12FBBCB700A5E33E /* pal_font_rasterizer.h in Headers */ = {isa = PBXBuildFile; fileRef = 29F0C69A12FBBCB700A5E33E /* pal_font_rasterizer.h */; };
		29F0C6ED12FBBCB700A5E33E /* pal_hash_constants.cpp in Sources */ = {isa = PBXBuildFile; fileRef = 29F0C69B12FBBCB700A5E33E /* pal_hash_constants.cpp */; };
		29F0C6EE12FBBCB700A5E33E /* pal_hash_constants.h in Headers */ = {isa = PBXBuildFile; fileRef = 29F0C69C12FBBCB700A5E33E /* pal_hash_constants.h */; };
		29F0C6EF12FBBCB700A5E33E /* pal_hash_functions.h in Headers */ = {isa = PBXBuildFile; fileRef = 29F0C69D12FBBCB700A5E33E /* pal_hash_functions.h */; };
		29F0C6F012FBBCB700A5E33E /* pal_hash_map_cache.h in Headers */ = {isa = PBXBuildFile; fileRef = 29F0C69E12FBBCB700A5E33E /* pal_hash_map_cache.h */; };
		29F0C6F112FBBCB700A5E33E /* pal_hash_map.h in Headers */ = {isa = PBXBuildFile; fileRef = 29F0C69F12FBBCB700A5E33E /* pal_hash_map.h */; };
		29F0C6F212FBBCB700A5E33E /* pal_hash_set.h in Headers */ = {isa = PBXBuildFile; fileRef = 29F0C6A012FBBCB700A5E33E /* pal_hash_set.h */; };
		29F0C6F312FBBCB700A5E33E /* pal_heap_allocator.cpp in Sources */ = {isa = PBXBuildFile; fileRef = 29F0C6A112FBBCB700A5E33E /* pal_heap_allocator.cpp */; };
		29F0C6F412FBBCB700A5E33E /* pal_heap_allocator.h in Headers */ = {isa = PBXBuildFile; fileRef = 29F0C6A212FBBCB700A5E33E /* pal_heap_allocator.h */; };
		29F0C6F512FBBCB700A5E33E /* pal_ilist.h in Headers */ = {isa = PBXBuildFile; fileRef = 29F0C6A312FBBCB700A5E33E /* pal_ilist.h */; };
		29F0C6F612FBBCB700A5E33E /* pal_image.cpp in Sources */ = {isa = PBXBuildFile; fileRef = 29F0C6A412FBBCB700A5E33E /* pal_image.cpp */; };
		29F0C6F712FBBCB700A5E33E /* pal_image.h in Headers */ = {isa = PBXBuildFile; fileRef = 29F0C6A512FBBCB700A5E33E /* pal_image.h */; };
		29F0C6F812FBBCB700A5E33E /* pal_limits.h in Headers */ = {isa = PBXBuildFile; fileRef = 29F0C6A612FBBCB700A5E33E /* pal_limits.h */; };
		29F0C6F912FBBCB700A5E33E /* pal_list.h in Headers */ = {isa = PBXBuildFile; fileRef = 29F0C6A712FBBCB700A5E33E /* pal_list.h */; };
		29F0C6FA12FBBCB700A5E33E /* pal_memory.cpp in Sources */ = {isa = PBXBuildFile; fileRef = 29F0C6A812FBBCB700A5E33E /* pal_memory.cpp */; };
		29F0C6FB12FBBCB700A5E33E /* pal_memory.h in Headers */ = {isa = PBXBuildFile; fileRef = 29F0C6A912FBBCB700A5E33E /* pal_memory.h */; };
		29F0C6FC12FBBCB700A5E33E /* pal_min_heap.h in Headers */ = {isa = PBXBuildFile; fileRef = 29F0C6AA12FBBCB700A5E33E /* pal_min_heap.h */; };
		29F0C6FD12FBBCB700A5E33E /* pal_pair.h in Headers */ = {isa = PBXBuildFile; fileRef = 29F0C6AB12FBBCB700A5E33E /* pal_pair.h */; };
		29F0C6FE12FBBCB700A5E33E /* pal_platform.cpp in Sources */ = {isa = PBXBuildFile; fileRef = 29F0C6AC12FBBCB700A5E33E /* pal_platform.cpp */; };
		29F0C6FF12FBBCB700A5E33E /* pal_platform.h in Headers */ = {isa = PBXBuildFile; fileRef = 29F0C6AD12FBBCB700A5E33E /* pal_platform.h */; };
		29F0C70012FBBCB700A5E33E /* pal_pool_allocator.h in Headers */ = {isa = PBXBuildFile; fileRef = 29F0C6AE12FBBCB700A5E33E /* pal_pool_allocator.h */; };
		29F0C70112FBBCB700A5E33E /* pal_profiler.cpp in Sources */ = {isa = PBXBuildFile; fileRef = 29F0C6AF12FBBCB700A5E33E /* pal_profiler.cpp */; };
		29F0C70212FBBCB700A5E33E /* pal_profiler.h in Headers */ = {isa = PBXBuildFile; fileRef = 29F0C6B012FBBCB700A5E33E /* pal_profiler.h */; };
		29F0C70312FBBCB700A5E33E /* pal_random.cpp in Sources */ = {isa = PBXBuildFile; fileRef = 29F0C6B112FBBCB700A5E33E /* pal_random.cpp */; };
		29F0C70412FBBCB700A5E33E /* pal_random.h in Headers */ = {isa = PBXBuildFile; fileRef = 29F0C6B212FBBCB700A5E33E /* pal_random.h */; };
		29F0C70512FBBCB700A5E33E /* pal_scalar.cpp in Sources */ = {isa = PBXBuildFile; fileRef = 29F0C6B312FBBCB700A5E33E /* pal_scalar.cpp */; };
		29F0C70612FBBCB700A5E33E /* pal_scalar.h in Headers */ = {isa = PBXBuildFile; fileRef = 29F0C6B412FBBCB700A5E33E /* pal_scalar.h */; };
		29F0C70812FBBCB700A5E33E /* pal_simd.cpp in Sources */ = {isa = PBXBuildFile; fileRef = 29F0C6B612FBBCB700A5E33E /* pal_simd.cpp */; };
		29F0C70912FBBCB700A5E33E /* pal_simd.h in Headers */ = {isa = PBXBuildFile; fileRef = 29F0C6B712FBBCB700A5E33E /* pal_simd.h */; };
		29F0C70A12FBBCB700A5E33E /* pal_spinlock.h in Headers */ = {isa = PBXBuildFile; fileRef = 29F0C6B812FBBCB700A5E33E /* pal_spinlock.h */; };
		29F0C70B12FBBCB700A5E33E /* pal_stack_allocator.h in Headers */ = {isa = PBXBuildFile; fileRef = 29F0C6B912FBBCB700A5E33E /* pal_stack_allocator.h */; };
		29F0C70C12FBBCB700A5E33E /* pal_string_inl.h in Headers */ = {isa = PBXBuildFile; fileRef = 29F0C6BA12FBBCB700A5E33E /* pal_string_inl.h */; };
		29F0C70D12FBBCB700A5E33E /* pal_string.cpp in Sources */ = {isa = PBXBuildFile; fileRef = 29F0C6BB12FBBCB700A5E33E /* pal_string.cpp */; };
		29F0C70E12FBBCB700A5E33E /* pal_string.h in Headers */ = {isa = PBXBuildFile; fileRef = 29F0C6BC12FBBCB700A5E33E /* pal_string.h */; };
		29F0C70F12FBBCB700A5E33E /* pal_thread.h in Headers */ = {isa = PBXBuildFile; fileRef = 29F0C6BD12FBBCB700A5E33E /* pal_thread.h */; };
		29F0C71012FBBCB700A5E33E /* pal_ticketlock.cpp in Sources */ = {isa = PBXBuildFile; fileRef = 29F0C6BE12FBBCB700A5E33E /* pal_ticketlock.cpp */; };
		29F0C71112FBBCB700A5E33E /* pal_ticketlock.h in Headers */ = {isa = PBXBuildFile; fileRef = 29F0C6BF12FBBCB700A5E33E /* pal_ticketlock.h */; };
		29F0C71212FBBCB700A5E33E /* pal_time_line.cpp in Sources */ = {isa = PBXBuildFile; fileRef = 29F0C6C012FBBCB700A5E33E /* pal_time_line.cpp */; };
		29F0C71312FBBCB700A5E33E /* pal_time_line.h in Headers */ = {isa = PBXBuildFile; fileRef = 29F0C6C112FBBCB700A5E33E /* pal_time_line.h */; };
		29F0C71412FBBCB700A5E33E /* pal_timer_event.cpp in Sources */ = {isa = PBXBuildFile; fileRef = 29F0C6C212FBBCB700A5E33E /* pal_timer_event.cpp */; };
		29F0C71512FBBCB700A5E33E /* pal_timer_event.h in Headers */ = {isa = PBXBuildFile; fileRef = 29F0C6C312FBBCB700A5E33E /* pal_timer_event.h */; };
		29F0C71612FBBCB700A5E33E /* pal_timer.h in Headers */ = {isa = PBXBuildFile; fileRef = 29F0C6C412FBBCB700A5E33E /* pal_timer.h */; };
		29F0C71712FBBCB700A5E33E /* pal_tokenizer.cpp in Sources */ = {isa = PBXBuildFile; fileRef = 29F0C6C512FBBCB700A5E33E /* pal_tokenizer.cpp */; };
		29F0C71812FBBCB700A5E33E /* pal_tokenizer.h in Headers */ = {isa = PBXBuildFile; fileRef = 29F0C6C612FBBCB700A5E33E /* pal_tokenizer.h */; };
		29F0C71912FBBCB700A5E33E /* pal_types.h in Headers */ = {isa = PBXBuildFile; fileRef = 29F0C6C712FBBCB700A5E33E /* pal_types.h */; };
		29F0C71A12FBBCB700A5E33E /* pal_unicode_tables.h in Headers */ = {isa = PBXBuildFile; fileRef = 29F0C6C812FBBCB700A5E33E /* pal_unicode_tables.h */; };
		29F0C71B12FBBCB700A5E33E /* pal_utf8.cpp in Sources */ = {isa = PBXBuildFile; fileRef = 29F0C6C912FBBCB700A5E33E /* pal_utf8.cpp */; };
		29F0C71C12FBBCB700A5E33E /* pal_utf8.h in Headers */ = {isa = PBXBuildFile; fileRef = 29F0C6CA12FBBCB700A5E33E /* pal_utf8.h */; };
		29F0C71E12FBBCC000A5E33E /* libpal.h in Headers */ = {isa = PBXBuildFile; fileRef = 29F0C71D12FBBCC000A5E33E /* libpal.h */; };
		29F0C73E12FBBCDB00A5E33E /* pal_atomic_apple.h in Headers */ = {isa = PBXBuildFile; fileRef = 29F0C72012FBBCDB00A5E33E /* pal_atomic_apple.h */; };
		29F0C73F12FBBCDB00A5E33E /* pal_thread_apple.cpp in Sources */ = {isa = PBXBuildFile; fileRef = 29F0C72112FBBCDB00A5E33E /* pal_thread_apple.cpp */; };
		29F0C74012FBBCDB00A5E33E /* pal_thread_apple.h in Headers */ = {isa = PBXBuildFile; fileRef = 29F0C72212FBBCDB00A5E33E /* pal_thread_apple.h */; };
		29F0C74112FBBCDB00A5E33E /* SFMT-alti.h in Headers */ = {isa = PBXBuildFile; fileRef = 29F0C72412FBBCDB00A5E33E /* SFMT-alti.h */; };
		29F0C74212FBBCDB00A5E33E /* SFMT-params.h in Headers */ = {isa = PBXBuildFile; fileRef = 29F0C72512FBBCDB00A5E33E /* SFMT-params.h */; };
		29F0C74312FBBCDB00A5E33E /* SFMT-params11213.h in Headers */ = {isa = PBXBuildFile; fileRef = 29F0C72612FBBCDB00A5E33E /* SFMT-params11213.h */; };
		29F0C74412FBBCDB00A5E33E /* SFMT-params1279.h in Headers */ = {isa = PBXBuildFile; fileRef = 29F0C72712FBBCDB00A5E33E /* SFMT-params1279.h */; };
		29F0C74512FBBCDB00A5E33E /* SFMT-params132049.h in Headers */ = {isa = PBXBuildFile; fileRef = 29F0C72812FBBCDB00A5E33E /* SFMT-params132049.h */; };
		29F0C74612FBBCDB00A5E33E /* SFMT-params19937.h in Headers */ = {isa = PBXBuildFile; fileRef = 29F0C72912FBBCDB00A5E33E /* SFMT-params19937.h */; };
		29F0C74712FBBCDB00A5E33E /* SFMT-params216091.h in Headers */ = {isa = PBXBuildFile; fileRef = 29F0C72A12FBBCDB00A5E33E /* SFMT-params216091.h */; };
		29F0C74812FBBCDB00A5E33E /* SFMT-params2281.h in Headers */ = {isa = PBXBuildFile; fileRef = 29F0C72B12FBBCDB00A5E33E /* SFMT-params2281.h */; };
		29F0C74912FBBCDB00A5E33E /* SFMT-params4253.h in Headers */ = {isa = PBXBuildFile; fileRef = 29F0C72C12FBBCDB00A5E33E /* SFMT-params4253.h */; };
		29F0C74A12FBBCDB00A5E33E /* SFMT-params44497.h in Headers */ = {isa = PBXBuildFile; fileRef = 29F0C72D12FBBCDB00A5E33E /* SFMT-params44497.h */; };
		29F0C74B12FBBCDB00A5E33E /* SFMT-params607.h in Headers */ = {isa = PBXBuildFile; fileRef = 29F0C72E12FBBCDB00A5E33E /* SFMT-params607.h */; };
		29F0C74C12FBBCDB00A5E33E /* SFMT-params86243.h in Headers */ = {isa = PBXBuildFile; fileRef = 29F0C72F12FBBCDB00A5E33E /* SFMT-params86243.h */; };
		29F0C74D12FBBCDB00A5E33E /* SFMT-sse2.h in Headers */ = {isa = PBXBuildFile; fileRef = 29F0C73012FBBCDB00A5E33E /* SFMT-sse2.h */; };
		29F0C74E12FBBCDB00A5E33E /* SFMT.cpp in Sources */ = {isa = PBXBuildFile; fileRef = 29F0C73112FBBCDB00A5E33E /* SFMT.cpp */; };
		29F0C74F12FBBCDB00A5E33E /* SFMT.h in Headers */ = {isa = PBXBuildFile; fileRef = 29F0C73212FBBCDB00A5E33E /* SFMT.h */; };
		29F0C75012FBBCDB00A5E33E /* stb_image.c in Sources */ = {isa = PBXBuildFile; fileRef = 29F0C73412FBBCDB00A5E33E /* stb_image.c */; };
		29F0C75112FBBCDB00A5E33E /* stb_image.h in Headers */ = {isa = PBXBuildFile; fileRef = 29F0C73512FBBCDB00A5E33E /* stb_image.h */; };
		29F0C75212FBBCDB00A5E33E /* stb_truetype.h in Headers */ = {isa = PBXBuildFile; fileRef = 29F0C73612FBBCDB00A5E33E /* stb_truetype.h */; };
		29F0C75312FBBCDB00A5E33E /* tlsf.c in Sources */ = {isa = PBXBuildFile; fileRef = 29F0C73912FBBCDB00A5E33E /* tlsf.c */; };
		29F0C75412FBBCDB00A5E33E /* tlsf.h in Headers */ = {isa = PBXBuildFile; fileRef = 29F0C73A12FBBCDB00A5E33E /* tlsf.h */; };
		29F0C75512FBBCDB00A5E33E /* tlsfbits.h in Headers */ = {isa = PBXBuildFile; fileRef = 29F0C73B12FBBCDB00A5E33E /* tlsfbits.h */; };
/* End PBXBuildFile section */

/* Begin PBXFileReference section */
		296F5DD512FBC81E009530FE /* pal_timer_apple.h */ = {isa = PBXFileReference; fileEncoding = 4; lastKnownFileType = sourcecode.c.h; path = pal_timer_apple.h; sourceTree = "<group>"; };
		296F5DD813010590009530FE /* pal_file_apple.h */ = {isa = PBXFileReference; fileEncoding = 4; lastKnownFileType = sourcecode.c.h; path = pal_file_apple.h; sourceTree = "<group>"; };
		296FCED91304F389004C6887 /* pal_simd_sse_impl.h */ = {isa = PBXFileReference; fileEncoding = 4; lastKnownFileType = sourcecode.c.h; path = pal_simd_sse_impl.h; sourceTree = "<group>"; };
		296FCEDA1304F389004C6887 /* pal_simd_sse_types.h */ = {isa = PBXFileReference; fileEncoding = 4; lastKnownFileType = sourcecode.c.h; path = pal_simd_sse_types.h; sourceTree = "<group>"; };
		296FCEDD1304F3A2004C6887 /* pal_simd_impl-inl.h */ = {isa = PBXFileReference; fileEncoding = 4; lastKnownFileType = sourcecode.c.h; name = "pal_simd_impl-inl.h"; path = "../libpal/pal_simd_impl-inl.h"; sourceTree = "<group>"; };
		296FCEDE1304F3A3004C6887 /* pal_simd_types-inl.h */ = {isa = PBXFileReference; fileEncoding = 4; lastKnownFileType = sourcecode.c.h; name = "pal_simd_types-inl.h"; path = "../libpal/pal_simd_types-inl.h"; sourceTree = "<group>"; };
		29F0C67412FBBC9000A5E33E /* libpal.a */ = {isa = PBXFileReference; explicitFileType = archive.ar; includeInIndex = 0; path = libpal.a; sourceTree = BUILT_PRODUCTS_DIR; };
		29F0C67912FBBCB700A5E33E /* pal_adi_keyboard_symbols.h */ = {isa = PBXFileReference; fileEncoding = 4; lastKnownFileType = sourcecode.c.h; name = pal_adi_keyboard_symbols.h; path = ../libpal/pal_adi_keyboard_symbols.h; sourceTree = "<group>"; };
		29F0C67A12FBBCB700A5E33E /* pal_adi_mouse_symbols.h */ = {isa = PBXFileReference; fileEncoding = 4; lastKnownFileType = sourcecode.c.h; name = pal_adi_mouse_symbols.h; path = ../libpal/pal_adi_mouse_symbols.h; sourceTree = "<group>"; };
		29F0C67B12FBBCB700A5E33E /* pal_adi.cpp */ = {isa = PBXFileReference; fileEncoding = 4; lastKnownFileType = sourcecode.cpp.cpp; name = pal_adi.cpp; path = ../libpal/pal_adi.cpp; sourceTree = "<group>"; };
		29F0C67C12FBBCB700A5E33E /* pal_adi.h */ = {isa = PBXFileReference; fileEncoding = 4; lastKnownFileType = sourcecode.c.h; name = pal_adi.h; path = ../libpal/pal_adi.h; sourceTree = "<group>"; };
		29F0C67D12FBBCB700A5E33E /* pal_algorithms.cpp */ = {isa = PBXFileReference; fileEncoding = 4; lastKnownFileType = sourcecode.cpp.cpp; name = pal_algorithms.cpp; path = ../libpal/pal_algorithms.cpp; sourceTree = "<group>"; };
		29F0C67E12FBBCB700A5E33E /* pal_algorithms.h */ = {isa = PBXFileReference; fileEncoding = 4; lastKnownFileType = sourcecode.c.h; name = pal_algorithms.h; path = ../libpal/pal_algorithms.h; sourceTree = "<group>"; };
		29F0C67F12FBBCB700A5E33E /* pal_align.cpp */ = {isa = PBXFileReference; fileEncoding = 4; lastKnownFileType = sourcecode.cpp.cpp; name = pal_align.cpp; path = ../libpal/pal_align.cpp; sourceTree = "<group>"; };
		29F0C68012FBBCB700A5E33E /* pal_align.h */ = {isa = PBXFileReference; fileEncoding = 4; lastKnownFileType = sourcecode.c.h; name = pal_align.h; path = ../libpal/pal_align.h; sourceTree = "<group>"; };
		29F0C68112FBBCB700A5E33E /* pal_allocator.cpp */ = {isa = PBXFileReference; fileEncoding = 4; lastKnownFileType = sourcecode.cpp.cpp; name = pal_allocator.cpp; path = ../libpal/pal_allocator.cpp; sourceTree = "<group>"; };
		29F0C68212FBBCB700A5E33E /* pal_allocator.h */ = {isa = PBXFileReference; fileEncoding = 4; lastKnownFileType = sourcecode.c.h; name = pal_allocator.h; path = ../libpal/pal_allocator.h; sourceTree = "<group>"; };
		29F0C68312FBBCB700A5E33E /* pal_array.h */ = {isa = PBXFileReference; fileEncoding = 4; lastKnownFileType = sourcecode.c.h; name = pal_array.h; path = ../libpal/pal_array.h; sourceTree = "<group>"; };
		29F0C68412FBBCB700A5E33E /* pal_atomic_inl.h */ = {isa = PBXFileReference; fileEncoding = 4; lastKnownFileType = sourcecode.c.h; name = pal_atomic_inl.h; path = ../libpal/pal_atomic_inl.h; sourceTree = "<group>"; };
		29F0C68512FBBCB700A5E33E /* pal_atomic.h */ = {isa = PBXFileReference; fileEncoding = 4; lastKnownFileType = sourcecode.c.h; name = pal_atomic.h; path = ../libpal/pal_atomic.h; sourceTree = "<group>"; };
		29F0C68612FBBCB700A5E33E /* pal_binary_reader.cpp */ = {isa = PBXFileReference; fileEncoding = 4; lastKnownFileType = sourcecode.cpp.cpp; name = pal_binary_reader.cpp; path = ../libpal/pal_binary_reader.cpp; sourceTree = "<group>"; };
		29F0C68712FBBCB700A5E33E /* pal_binary_reader.h */ = {isa = PBXFileReference; fileEncoding = 4; lastKnownFileType = sourcecode.c.h; name = pal_binary_reader.h; path = ../libpal/pal_binary_reader.h; sourceTree = "<group>"; };
		29F0C68812FBBCB700A5E33E /* pal_compacting_allocator.cpp */ = {isa = PBXFileReference; fileEncoding = 4; lastKnownFileType = sourcecode.cpp.cpp; name = pal_compacting_allocator.cpp; path = ../libpal/pal_compacting_allocator.cpp; sourceTree = "<group>"; };
		29F0C68912FBBCB700A5E33E /* pal_compacting_allocator.h */ = {isa = PBXFileReference; fileEncoding = 4; lastKnownFileType = sourcecode.c.h; name = pal_compacting_allocator.h; path = ../libpal/pal_compacting_allocator.h; sourceTree = "<group>"; };
		29F0C68A12FBBCB700A5E33E /* pal_console.cpp */ = {isa = PBXFileReference; fileEncoding = 4; lastKnownFileType = sourcecode.cpp.cpp; name = pal_console.cpp; path = ../libpal/pal_console.cpp; sourceTree = "<group>"; };
		29F0C68B12FBBCB700A5E33E /* pal_console.h */ = {isa = PBXFileReference; fileEncoding = 4; lastKnownFileType = sourcecode.c.h; name = pal_console.h; path = ../libpal/pal_console.h; sourceTree = "<group>"; };
		29F0C68C12FBBCB700A5E33E /* pal_debug.cpp */ = {isa = PBXFileReference; fileEncoding = 4; lastKnownFileType = sourcecode.cpp.cpp; name = pal_debug.cpp; path = ../libpal/pal_debug.cpp; sourceTree = "<group>"; };
		29F0C68D12FBBCB700A5E33E /* pal_debug.h */ = {isa = PBXFileReference; fileEncoding = 4; lastKnownFileType = sourcecode.c.h; name = pal_debug.h; path = ../libpal/pal_debug.h; sourceTree = "<group>"; };
		29F0C68E12FBBCB700A5E33E /* pal_delegate_internal.h */ = {isa = PBXFileReference; fileEncoding = 4; lastKnownFileType = sourcecode.c.h; name = pal_delegate_internal.h; path = ../libpal/pal_delegate_internal.h; sourceTree = "<group>"; };
		29F0C68F12FBBCB700A5E33E /* pal_delegate.h */ = {isa = PBXFileReference; fileEncoding = 4; lastKnownFileType = sourcecode.c.h; name = pal_delegate.h; path = ../libpal/pal_delegate.h; sourceTree = "<group>"; };
		29F0C69012FBBCB700A5E33E /* pal_endian.h */ = {isa = PBXFileReference; fileEncoding = 4; lastKnownFileType = sourcecode.c.h; name = pal_endian.h; path = ../libpal/pal_endian.h; sourceTree = "<group>"; };
		29F0C69112FBBCB700A5E33E /* pal_event.cpp */ = {isa = PBXFileReference; fileEncoding = 4; lastKnownFileType = sourcecode.cpp.cpp; name = pal_event.cpp; path = ../libpal/pal_event.cpp; sourceTree = "<group>"; };
		29F0C69212FBBCB700A5E33E /* pal_event.h */ = {isa = PBXFileReference; fileEncoding = 4; lastKnownFileType = sourcecode.c.h; name = pal_event.h; path = ../libpal/pal_event.h; sourceTree = "<group>"; };
		29F0C69312FBBCB700A5E33E /* pal_file.cpp */ = {isa = PBXFileReference; fileEncoding = 4; lastKnownFileType = sourcecode.cpp.cpp; name = pal_file.cpp; path = ../libpal/pal_file.cpp; sourceTree = "<group>"; };
		29F0C69412FBBCB700A5E33E /* pal_file.h */ = {isa = PBXFileReference; fileEncoding = 4; lastKnownFileType = sourcecode.c.h; name = pal_file.h; path = ../libpal/pal_file.h; sourceTree = "<group>"; };
		29F0C69512FBBCB700A5E33E /* pal_font_rasterizer_freetype.cpp */ = {isa = PBXFileReference; fileEncoding = 4; lastKnownFileType = sourcecode.cpp.cpp; name = pal_font_rasterizer_freetype.cpp; path = ../libpal/pal_font_rasterizer_freetype.cpp; sourceTree = "<group>"; };
		29F0C69612FBBCB700A5E33E /* pal_font_rasterizer_freetype.h */ = {isa = PBXFileReference; fileEncoding = 4; lastKnownFileType = sourcecode.c.h; name = pal_font_rasterizer_freetype.h; path = ../libpal/pal_font_rasterizer_freetype.h; sourceTree = "<group>"; };
		29F0C69712FBBCB700A5E33E /* pal_font_rasterizer_stb.cpp */ = {isa = PBXFileReference; fileEncoding = 4; lastKnownFileType = sourcecode.cpp.cpp; name = pal_font_rasterizer_stb.cpp; path = ../libpal/pal_font_rasterizer_stb.cpp; sourceTree = "<group>"; };
		29F0C69812FBBCB700A5E33E /* pal_font_rasterizer_stb.h */ = {isa = PBXFileReference; fileEncoding = 4; lastKnownFileType = sourcecode.c.h; name = pal_font_rasterizer_stb.h; path = ../libpal/pal_font_rasterizer_stb.h; sourceTree = "<group>"; };
		29F0C69912FBBCB700A5E33E /* pal_font_rasterizer.cpp */ = {isa = PBXFileReference; fileEncoding = 4; lastKnownFileType = sourcecode.cpp.cpp; name = pal_font_rasterizer.cpp; path = ../libpal/pal_font_rasterizer.cpp; sourceTree = "<group>"; };
		29F0C69A12FBBCB700A5E33E /* pal_font_rasterizer.h */ = {isa = PBXFileReference; fileEncoding = 4; lastKnownFileType = sourcecode.c.h; name = pal_font_rasterizer.h; path = ../libpal/pal_font_rasterizer.h; sourceTree = "<group>"; };
		29F0C69B12FBBCB700A5E33E /* pal_hash_constants.cpp */ = {isa = PBXFileReference; fileEncoding = 4; lastKnownFileType = sourcecode.cpp.cpp; name = pal_hash_constants.cpp; path = ../libpal/pal_hash_constants.cpp; sourceTree = "<group>"; };
		29F0C69C12FBBCB700A5E33E /* pal_hash_constants.h */ = {isa = PBXFileReference; fileEncoding = 4; lastKnownFileType = sourcecode.c.h; name = pal_hash_constants.h; path = ../libpal/pal_hash_constants.h; sourceTree = "<group>"; };
		29F0C69D12FBBCB700A5E33E /* pal_hash_functions.h */ = {isa = PBXFileReference; fileEncoding = 4; lastKnownFileType = sourcecode.c.h; name = pal_hash_functions.h; path = ../libpal/pal_hash_functions.h; sourceTree = "<group>"; };
		29F0C69E12FBBCB700A5E33E /* pal_hash_map_cache.h */ = {isa = PBXFileReference; fileEncoding = 4; lastKnownFileType = sourcecode.c.h; name = pal_hash_map_cache.h; path = ../libpal/pal_hash_map_cache.h; sourceTree = "<group>"; };
		29F0C69F12FBBCB700A5E33E /* pal_hash_map.h */ = {isa = PBXFileReference; fileEncoding = 4; lastKnownFileType = sourcecode.c.h; name = pal_hash_map.h; path = ../libpal/pal_hash_map.h; sourceTree = "<group>"; };
		29F0C6A012FBBCB700A5E33E /* pal_hash_set.h */ = {isa = PBXFileReference; fileEncoding = 4; lastKnownFileType = sourcecode.c.h; name = pal_hash_set.h; path = ../libpal/pal_hash_set.h; sourceTree = "<group>"; };
		29F0C6A112FBBCB700A5E33E /* pal_heap_allocator.cpp */ = {isa = PBXFileReference; fileEncoding = 4; lastKnownFileType = sourcecode.cpp.cpp; name = pal_heap_allocator.cpp; path = ../libpal/pal_heap_allocator.cpp; sourceTree = "<group>"; };
		29F0C6A212FBBCB700A5E33E /* pal_heap_allocator.h */ = {isa = PBXFileReference; fileEncoding = 4; lastKnownFileType = sourcecode.c.h; name = pal_heap_allocator.h; path = ../libpal/pal_heap_allocator.h; sourceTree = "<group>"; };
		29F0C6A312FBBCB700A5E33E /* pal_ilist.h */ = {isa = PBXFileReference; fileEncoding = 4; lastKnownFileType = sourcecode.c.h; name = pal_ilist.h; path = ../libpal/pal_ilist.h; sourceTree = "<group>"; };
		29F0C6A412FBBCB700A5E33E /* pal_image.cpp */ = {isa = PBXFileReference; fileEncoding = 4; lastKnownFileType = sourcecode.cpp.cpp; name = pal_image.cpp; path = ../libpal/pal_image.cpp; sourceTree = "<group>"; };
		29F0C6A512FBBCB700A5E33E /* pal_image.h */ = {isa = PBXFileReference; fileEncoding = 4; lastKnownFileType = sourcecode.c.h; name = pal_image.h; path = ../libpal/pal_image.h; sourceTree = "<group>"; };
		29F0C6A612FBBCB700A5E33E /* pal_limits.h */ = {isa = PBXFileReference; fileEncoding = 4; lastKnownFileType = sourcecode.c.h; name = pal_limits.h; path = ../libpal/pal_limits.h; sourceTree = "<group>"; };
		29F0C6A712FBBCB700A5E33E /* pal_list.h */ = {isa = PBXFileReference; fileEncoding = 4; lastKnownFileType = sourcecode.c.h; name = pal_list.h; path = ../libpal/pal_list.h; sourceTree = "<group>"; };
		29F0C6A812FBBCB700A5E33E /* pal_memory.cpp */ = {isa = PBXFileReference; fileEncoding = 4; lastKnownFileType = sourcecode.cpp.cpp; name = pal_memory.cpp; path = ../libpal/pal_memory.cpp; sourceTree = "<group>"; };
		29F0C6A912FBBCB700A5E33E /* pal_memory.h */ = {isa = PBXFileReference; fileEncoding = 4; lastKnownFileType = sourcecode.c.h; name = pal_memory.h; path = ../libpal/pal_memory.h; sourceTree = "<group>"; };
		29F0C6AA12FBBCB700A5E33E /* pal_min_heap.h */ = {isa = PBXFileReference; fileEncoding = 4; lastKnownFileType = sourcecode.c.h; name = pal_min_heap.h; path = ../libpal/pal_min_heap.h; sourceTree = "<group>"; };
		29F0C6AB12FBBCB700A5E33E /* pal_pair.h */ = {isa = PBXFileReference; fileEncoding = 4; lastKnownFileType = sourcecode.c.h; name = pal_pair.h; path = ../libpal/pal_pair.h; sourceTree = "<group>"; };
		29F0C6AC12FBBCB700A5E33E /* pal_platform.cpp */ = {isa = PBXFileReference; fileEncoding = 4; lastKnownFileType = sourcecode.cpp.cpp; name = pal_platform.cpp; path = ../libpal/pal_platform.cpp; sourceTree = "<group>"; };
		29F0C6AD12FBBCB700A5E33E /* pal_platform.h */ = {isa = PBXFileReference; fileEncoding = 4; lastKnownFileType = sourcecode.c.h; name = pal_platform.h; path = ../libpal/pal_platform.h; sourceTree = "<group>"; };
		29F0C6AE12FBBCB700A5E33E /* pal_pool_allocator.h */ = {isa = PBXFileReference; fileEncoding = 4; lastKnownFileType = sourcecode.c.h; name = pal_pool_allocator.h; path = ../libpal/pal_pool_allocator.h; sourceTree = "<group>"; };
		29F0C6AF12FBBCB700A5E33E /* pal_profiler.cpp */ = {isa = PBXFileReference; fileEncoding = 4; lastKnownFileType = sourcecode.cpp.cpp; name = pal_profiler.cpp; path = ../libpal/pal_profiler.cpp; sourceTree = "<group>"; };
		29F0C6B012FBBCB700A5E33E /* pal_profiler.h */ = {isa = PBXFileReference; fileEncoding = 4; lastKnownFileType = sourcecode.c.h; name = pal_profiler.h; path = ../libpal/pal_profiler.h; sourceTree = "<group>"; };
		29F0C6B112FBBCB700A5E33E /* pal_random.cpp */ = {isa = PBXFileReference; fileEncoding = 4; lastKnownFileType = sourcecode.cpp.cpp; name = pal_random.cpp; path = ../libpal/pal_random.cpp; sourceTree = "<group>"; };
		29F0C6B212FBBCB700A5E33E /* pal_random.h */ = {isa = PBXFileReference; fileEncoding = 4; lastKnownFileType = sourcecode.c.h; name = pal_random.h; path = ../libpal/pal_random.h; sourceTree = "<group>"; };
		29F0C6B312FBBCB700A5E33E /* pal_scalar.cpp */ = {isa = PBXFileReference; fileEncoding = 4; lastKnownFileType = sourcecode.cpp.cpp; name = pal_scalar.cpp; path = ../libpal/pal_scalar.cpp; sourceTree = "<group>"; };
		29F0C6B412FBBCB700A5E33E /* pal_scalar.h */ = {isa = PBXFileReference; fileEncoding = 4; lastKnownFileType = sourcecode.c.h; name = pal_scalar.h; path = ../libpal/pal_scalar.h; sourceTree = "<group>"; };
		29F0C6B612FBBCB700A5E33E /* pal_simd.cpp */ = {isa = PBXFileReference; fileEncoding = 4; lastKnownFileType = sourcecode.cpp.cpp; name = pal_simd.cpp; path = ../libpal/pal_simd.cpp; sourceTree = "<group>"; };
		29F0C6B712FBBCB700A5E33E /* pal_simd.h */ = {isa = PBXFileReference; fileEncoding = 4; lastKnownFileType = sourcecode.c.h; name = pal_simd.h; path = ../libpal/pal_simd.h; sourceTree = "<group>"; };
		29F0C6B812FBBCB700A5E33E /* pal_spinlock.h */ = {isa = PBXFileReference; fileEncoding = 4; lastKnownFileType = sourcecode.c.h; name = pal_spinlock.h; path = ../libpal/pal_spinlock.h; sourceTree = "<group>"; };
		29F0C6B912FBBCB700A5E33E /* pal_stack_allocator.h */ = {isa = PBXFileReference; fileEncoding = 4; lastKnownFileType = sourcecode.c.h; name = pal_stack_allocator.h; path = ../libpal/pal_stack_allocator.h; sourceTree = "<group>"; };
		29F0C6BA12FBBCB700A5E33E /* pal_string_inl.h */ = {isa = PBXFileReference; fileEncoding = 4; lastKnownFileType = sourcecode.c.h; name = pal_string_inl.h; path = ../libpal/pal_string_inl.h; sourceTree = "<group>"; };
		29F0C6BB12FBBCB700A5E33E /* pal_string.cpp */ = {isa = PBXFileReference; fileEncoding = 4; lastKnownFileType = sourcecode.cpp.cpp; name = pal_string.cpp; path = ../libpal/pal_string.cpp; sourceTree = "<group>"; };
		29F0C6BC12FBBCB700A5E33E /* pal_string.h */ = {isa = PBXFileReference; fileEncoding = 4; lastKnownFileType = sourcecode.c.h; name = pal_string.h; path = ../libpal/pal_string.h; sourceTree = "<group>"; };
		29F0C6BD12FBBCB700A5E33E /* pal_thread.h */ = {isa = PBXFileReference; fileEncoding = 4; lastKnownFileType = sourcecode.c.h; name = pal_thread.h; path = ../libpal/pal_thread.h; sourceTree = "<group>"; };
		29F0C6BE12FBBCB700A5E33E /* pal_ticketlock.cpp */ = {isa = PBXFileReference; fileEncoding = 4; lastKnownFileType = sourcecode.cpp.cpp; name = pal_ticketlock.cpp; path = ../libpal/pal_ticketlock.cpp; sourceTree = "<group>"; };
		29F0C6BF12FBBCB700A5E33E /* pal_ticketlock.h */ = {isa = PBXFileReference; fileEncoding = 4; lastKnownFileType = sourcecode.c.h; name = pal_ticketlock.h; path = ../libpal/pal_ticketlock.h; sourceTree = "<group>"; };
		29F0C6C012FBBCB700A5E33E /* pal_time_line.cpp */ = {isa = PBXFileReference; fileEncoding = 4; lastKnownFileType = sourcecode.cpp.cpp; name = pal_time_line.cpp; path = ../libpal/pal_time_line.cpp; sourceTree = "<group>"; };
		29F0C6C112FBBCB700A5E33E /* pal_time_line.h */ = {isa = PBXFileReference; fileEncoding = 4; lastKnownFileType = sourcecode.c.h; name = pal_time_line.h; path = ../libpal/pal_time_line.h; sourceTree = "<group>"; };
		29F0C6C212FBBCB700A5E33E /* pal_timer_event.cpp */ = {isa = PBXFileReference; fileEncoding = 4; lastKnownFileType = sourcecode.cpp.cpp; name = pal_timer_event.cpp; path = ../libpal/pal_timer_event.cpp; sourceTree = "<group>"; };
		29F0C6C312FBBCB700A5E33E /* pal_timer_event.h */ = {isa = PBXFileReference; fileEncoding = 4; lastKnownFileType = sourcecode.c.h; name = pal_timer_event.h; path = ../libpal/pal_timer_event.h; sourceTree = "<group>"; };
		29F0C6C412FBBCB700A5E33E /* pal_timer.h */ = {isa = PBXFileReference; fileEncoding = 4; lastKnownFileType = sourcecode.c.h; name = pal_timer.h; path = ../libpal/pal_timer.h; sourceTree = "<group>"; };
		29F0C6C512FBBCB700A5E33E /* pal_tokenizer.cpp */ = {isa = PBXFileReference; fileEncoding = 4; lastKnownFileType = sourcecode.cpp.cpp; name = pal_tokenizer.cpp; path = ../libpal/pal_tokenizer.cpp; sourceTree = "<group>"; };
		29F0C6C612FBBCB700A5E33E /* pal_tokenizer.h */ = {isa = PBXFileReference; fileEncoding = 4; lastKnownFileType = sourcecode.c.h; name = pal_tokenizer.h; path = ../libpal/pal_tokenizer.h; sourceTree = "<group>"; };
		29F0C6C712FBBCB700A5E33E /* pal_types.h */ = {isa = PBXFileReference; fileEncoding = 4; lastKnownFileType = sourcecode.c.h; name = pal_types.h; path = ../libpal/pal_types.h; sourceTree = "<group>"; };
		29F0C6C812FBBCB700A5E33E /* pal_unicode_tables.h */ = {isa = PBXFileReference; fileEncoding = 4; lastKnownFileType = sourcecode.c.h; name = pal_unicode_tables.h; path = ../libpal/pal_unicode_tables.h; sourceTree = "<group>"; };
		29F0C6C912FBBCB700A5E33E /* pal_utf8.cpp */ = {isa = PBXFileReference; fileEncoding = 4; lastKnownFileType = sourcecode.cpp.cpp; name = pal_utf8.cpp; path = ../libpal/pal_utf8.cpp; sourceTree = "<group>"; };
		29F0C6CA12FBBCB700A5E33E /* pal_utf8.h */ = {isa = PBXFileReference; fileEncoding = 4; lastKnownFileType = sourcecode.c.h; name = pal_utf8.h; path = ../libpal/pal_utf8.h; sourceTree = "<group>"; };
		29F0C71D12FBBCC000A5E33E /* libpal.h */ = {isa = PBXFileReference; fileEncoding = 4; lastKnownFileType = sourcecode.c.h; name = libpal.h; path = ../libpal/libpal.h; sourceTree = "<group>"; };
		29F0C72012FBBCDB00A5E33E /* pal_atomic_apple.h */ = {isa = PBXFileReference; fileEncoding = 4; lastKnownFileType = sourcecode.c.h; path = pal_atomic_apple.h; sourceTree = "<group>"; };
		29F0C72112FBBCDB00A5E33E /* pal_thread_apple.cpp */ = {isa = PBXFileReference; fileEncoding = 4; lastKnownFileType = sourcecode.cpp.cpp; path = pal_thread_apple.cpp; sourceTree = "<group>"; };
		29F0C72212FBBCDB00A5E33E /* pal_thread_apple.h */ = {isa = PBXFileReference; fileEncoding = 4; lastKnownFileType = sourcecode.c.h; path = pal_thread_apple.h; sourceTree = "<group>"; };
		29F0C72412FBBCDB00A5E33E /* SFMT-alti.h */ = {isa = PBXFileReference; fileEncoding = 4; lastKnownFileType = sourcecode.c.h; path = "SFMT-alti.h"; sourceTree = "<group>"; };
		29F0C72512FBBCDB00A5E33E /* SFMT-params.h */ = {isa = PBXFileReference; fileEncoding = 4; lastKnownFileType = sourcecode.c.h; path = "SFMT-params.h"; sourceTree = "<group>"; };
		29F0C72612FBBCDB00A5E33E /* SFMT-params11213.h */ = {isa = PBXFileReference; fileEncoding = 4; lastKnownFileType = sourcecode.c.h; path = "SFMT-params11213.h"; sourceTree = "<group>"; };
		29F0C72712FBBCDB00A5E33E /* SFMT-params1279.h */ = {isa = PBXFileReference; fileEncoding = 4; lastKnownFileType = sourcecode.c.h; path = "SFMT-params1279.h"; sourceTree = "<group>"; };
		29F0C72812FBBCDB00A5E33E /* SFMT-params132049.h */ = {isa = PBXFileReference; fileEncoding = 4; lastKnownFileType = sourcecode.c.h; path = "SFMT-params132049.h"; sourceTree = "<group>"; };
		29F0C72912FBBCDB00A5E33E /* SFMT-params19937.h */ = {isa = PBXFileReference; fileEncoding = 4; lastKnownFileType = sourcecode.c.h; path = "SFMT-params19937.h"; sourceTree = "<group>"; };
		29F0C72A12FBBCDB00A5E33E /* SFMT-params216091.h */ = {isa = PBXFileReference; fileEncoding = 4; lastKnownFileType = sourcecode.c.h; path = "SFMT-params216091.h"; sourceTree = "<group>"; };
		29F0C72B12FBBCDB00A5E33E /* SFMT-params2281.h */ = {isa = PBXFileReference; fileEncoding = 4; lastKnownFileType = sourcecode.c.h; path = "SFMT-params2281.h"; sourceTree = "<group>"; };
		29F0C72C12FBBCDB00A5E33E /* SFMT-params4253.h */ = {isa = PBXFileReference; fileEncoding = 4; lastKnownFileType = sourcecode.c.h; path = "SFMT-params4253.h"; sourceTree = "<group>"; };
		29F0C72D12FBBCDB00A5E33E /* SFMT-params44497.h */ = {isa = PBXFileReference; fileEncoding = 4; lastKnownFileType = sourcecode.c.h; path = "SFMT-params44497.h"; sourceTree = "<group>"; };
		29F0C72E12FBBCDB00A5E33E /* SFMT-params607.h */ = {isa = PBXFileReference; fileEncoding = 4; lastKnownFileType = sourcecode.c.h; path = "SFMT-params607.h"; sourceTree = "<group>"; };
		29F0C72F12FBBCDB00A5E33E /* SFMT-params86243.h */ = {isa = PBXFileReference; fileEncoding = 4; lastKnownFileType = sourcecode.c.h; path = "SFMT-params86243.h"; sourceTree = "<group>"; };
		29F0C73012FBBCDB00A5E33E /* SFMT-sse2.h */ = {isa = PBXFileReference; fileEncoding = 4; lastKnownFileType = sourcecode.c.h; path = "SFMT-sse2.h"; sourceTree = "<group>"; };
		29F0C73112FBBCDB00A5E33E /* SFMT.cpp */ = {isa = PBXFileReference; fileEncoding = 4; lastKnownFileType = sourcecode.cpp.cpp; path = SFMT.cpp; sourceTree = "<group>"; };
		29F0C73212FBBCDB00A5E33E /* SFMT.h */ = {isa = PBXFileReference; fileEncoding = 4; lastKnownFileType = sourcecode.c.h; path = SFMT.h; sourceTree = "<group>"; };
		29F0C73412FBBCDB00A5E33E /* stb_image.c */ = {isa = PBXFileReference; fileEncoding = 4; lastKnownFileType = sourcecode.c.c; path = stb_image.c; sourceTree = "<group>"; };
		29F0C73512FBBCDB00A5E33E /* stb_image.h */ = {isa = PBXFileReference; fileEncoding = 4; lastKnownFileType = sourcecode.c.h; path = stb_image.h; sourceTree = "<group>"; };
		29F0C73612FBBCDB00A5E33E /* stb_truetype.h */ = {isa = PBXFileReference; fileEncoding = 4; lastKnownFileType = sourcecode.c.h; path = stb_truetype.h; sourceTree = "<group>"; };
		29F0C73812FBBCDB00A5E33E /* Readme.txt */ = {isa = PBXFileReference; fileEncoding = 4; lastKnownFileType = text; path = Readme.txt; sourceTree = "<group>"; };
		29F0C73912FBBCDB00A5E33E /* tlsf.c */ = {isa = PBXFileReference; fileEncoding = 4; lastKnownFileType = sourcecode.c.c; path = tlsf.c; sourceTree = "<group>"; };
		29F0C73A12FBBCDB00A5E33E /* tlsf.h */ = {isa = PBXFileReference; fileEncoding = 4; lastKnownFileType = sourcecode.c.h; path = tlsf.h; sourceTree = "<group>"; };
		29F0C73B12FBBCDB00A5E33E /* tlsfbits.h */ = {isa = PBXFileReference; fileEncoding = 4; lastKnownFileType = sourcecode.c.h; path = tlsfbits.h; sourceTree = "<group>"; };
/* End PBXFileReference section */

/* Begin PBXFrameworksBuildPhase section */
		29F0C67112FBBC9000A5E33E /* Frameworks */ = {
			isa = PBXFrameworksBuildPhase;
			buildActionMask = 2147483647;
			files = (
			);
			runOnlyForDeploymentPostprocessing = 0;
		};
/* End PBXFrameworksBuildPhase section */

/* Begin PBXGroup section */
		29F0C65E12FBBB9F00A5E33E = {
			isa = PBXGroup;
			children = (
				29F0C67812FBBC9A00A5E33E /* libpal */,
				29F0C66C12FBBC3300A5E33E /* Products */,
			);
			sourceTree = "<group>";
		};
		29F0C66C12FBBC3300A5E33E /* Products */ = {
			isa = PBXGroup;
			children = (
				29F0C67412FBBC9000A5E33E /* libpal.a */,
			);
			name = Products;
			sourceTree = "<group>";
		};
		29F0C67812FBBC9A00A5E33E /* libpal */ = {
			isa = PBXGroup;
			children = (
				29F0C71F12FBBCDB00A5E33E /* apple */,
				29F0C72312FBBCDB00A5E33E /* SFMT */,
				29F0C73312FBBCDB00A5E33E /* stb */,
				29F0C73712FBBCDB00A5E33E /* tlsf */,
				29F0C73C12FBBCDB00A5E33E /* x86 */,
				29F0C71D12FBBCC000A5E33E /* libpal.h */,
				29F0C67912FBBCB700A5E33E /* pal_adi_keyboard_symbols.h */,
				29F0C67A12FBBCB700A5E33E /* pal_adi_mouse_symbols.h */,
				29F0C67B12FBBCB700A5E33E /* pal_adi.cpp */,
				29F0C67C12FBBCB700A5E33E /* pal_adi.h */,
				29F0C67D12FBBCB700A5E33E /* pal_algorithms.cpp */,
				29F0C67E12FBBCB700A5E33E /* pal_algorithms.h */,
				29F0C67F12FBBCB700A5E33E /* pal_align.cpp */,
				29F0C68012FBBCB700A5E33E /* pal_align.h */,
				29F0C68112FBBCB700A5E33E /* pal_allocator.cpp */,
				29F0C68212FBBCB700A5E33E /* pal_allocator.h */,
				29F0C68312FBBCB700A5E33E /* pal_array.h */,
				29F0C68412FBBCB700A5E33E /* pal_atomic_inl.h */,
				29F0C68512FBBCB700A5E33E /* pal_atomic.h */,
				29F0C68612FBBCB700A5E33E /* pal_binary_reader.cpp */,
				29F0C68712FBBCB700A5E33E /* pal_binary_reader.h */,
				29F0C68812FBBCB700A5E33E /* pal_compacting_allocator.cpp */,
				29F0C68912FBBCB700A5E33E /* pal_compacting_allocator.h */,
				29F0C68A12FBBCB700A5E33E /* pal_console.cpp */,
				29F0C68B12FBBCB700A5E33E /* pal_console.h */,
				29F0C68C12FBBCB700A5E33E /* pal_debug.cpp */,
				29F0C68D12FBBCB700A5E33E /* pal_debug.h */,
				29F0C68E12FBBCB700A5E33E /* pal_delegate_internal.h */,
				29F0C68F12FBBCB700A5E33E /* pal_delegate.h */,
				29F0C69012FBBCB700A5E33E /* pal_endian.h */,
				296FCEDE1304F3A3004C6887 /* pal_simd_types-inl.h */,
				296FCEDD1304F3A2004C6887 /* pal_simd_impl-inl.h */,
				29F0C69112FBBCB700A5E33E /* pal_event.cpp */,
				29F0C69212FBBCB700A5E33E /* pal_event.h */,
				29F0C69312FBBCB700A5E33E /* pal_file.cpp */,
				29F0C69412FBBCB700A5E33E /* pal_file.h */,
				29F0C69512FBBCB700A5E33E /* pal_font_rasterizer_freetype.cpp */,
				29F0C69612FBBCB700A5E33E /* pal_font_rasterizer_freetype.h */,
				29F0C69712FBBCB700A5E33E /* pal_font_rasterizer_stb.cpp */,
				29F0C69812FBBCB700A5E33E /* pal_font_rasterizer_stb.h */,
				29F0C69912FBBCB700A5E33E /* pal_font_rasterizer.cpp */,
				29F0C69A12FBBCB700A5E33E /* pal_font_rasterizer.h */,
				29F0C69B12FBBCB700A5E33E /* pal_hash_constants.cpp */,
				29F0C69C12FBBCB700A5E33E /* pal_hash_constants.h */,
				29F0C69D12FBBCB700A5E33E /* pal_hash_functions.h */,
				29F0C69E12FBBCB700A5E33E /* pal_hash_map_cache.h */,
				29F0C69F12FBBCB700A5E33E /* pal_hash_map.h */,
				29F0C6A012FBBCB700A5E33E /* pal_hash_set.h */,
				29F0C6A112FBBCB700A5E33E /* pal_heap_allocator.cpp */,
				29F0C6A212FBBCB700A5E33E /* pal_heap_allocator.h */,
				29F0C6A312FBBCB700A5E33E /* pal_ilist.h */,
				29F0C6A412FBBCB700A5E33E /* pal_image.cpp */,
				29F0C6A512FBBCB700A5E33E /* pal_image.h */,
				29F0C6A612FBBCB700A5E33E /* pal_limits.h */,
				29F0C6A712FBBCB700A5E33E /* pal_list.h */,
				29F0C6A812FBBCB700A5E33E /* pal_memory.cpp */,
				29F0C6A912FBBCB700A5E33E /* pal_memory.h */,
				29F0C6AA12FBBCB700A5E33E /* pal_min_heap.h */,
				29F0C6AB12FBBCB700A5E33E /* pal_pair.h */,
				29F0C6AC12FBBCB700A5E33E /* pal_platform.cpp */,
				29F0C6AD12FBBCB700A5E33E /* pal_platform.h */,
				29F0C6AE12FBBCB700A5E33E /* pal_pool_allocator.h */,
				29F0C6AF12FBBCB700A5E33E /* pal_profiler.cpp */,
				29F0C6B012FBBCB700A5E33E /* pal_profiler.h */,
				29F0C6B112FBBCB700A5E33E /* pal_random.cpp */,
				29F0C6B212FBBCB700A5E33E /* pal_random.h */,
				29F0C6B312FBBCB700A5E33E /* pal_scalar.cpp */,
				29F0C6B412FBBCB700A5E33E /* pal_scalar.h */,
				29F0C6B612FBBCB700A5E33E /* pal_simd.cpp */,
				29F0C6B712FBBCB700A5E33E /* pal_simd.h */,
				29F0C6B812FBBCB700A5E33E /* pal_spinlock.h */,
				29F0C6B912FBBCB700A5E33E /* pal_stack_allocator.h */,
				29F0C6BA12FBBCB700A5E33E /* pal_string_inl.h */,
				29F0C6BB12FBBCB700A5E33E /* pal_string.cpp */,
				29F0C6BC12FBBCB700A5E33E /* pal_string.h */,
				29F0C6BD12FBBCB700A5E33E /* pal_thread.h */,
				29F0C6BE12FBBCB700A5E33E /* pal_ticketlock.cpp */,
				29F0C6BF12FBBCB700A5E33E /* pal_ticketlock.h */,
				29F0C6C012FBBCB700A5E33E /* pal_time_line.cpp */,
				29F0C6C112FBBCB700A5E33E /* pal_time_line.h */,
				29F0C6C212FBBCB700A5E33E /* pal_timer_event.cpp */,
				29F0C6C312FBBCB700A5E33E /* pal_timer_event.h */,
				29F0C6C412FBBCB700A5E33E /* pal_timer.h */,
				29F0C6C512FBBCB700A5E33E /* pal_tokenizer.cpp */,
				29F0C6C612FBBCB700A5E33E /* pal_tokenizer.h */,
				29F0C6C712FBBCB700A5E33E /* pal_types.h */,
				29F0C6C812FBBCB700A5E33E /* pal_unicode_tables.h */,
				29F0C6C912FBBCB700A5E33E /* pal_utf8.cpp */,
				29F0C6CA12FBBCB700A5E33E /* pal_utf8.h */,
			);
			name = libpal;
			sourceTree = "<group>";
		};
		29F0C71F12FBBCDB00A5E33E /* apple */ = {
			isa = PBXGroup;
			children = (
				296F5DD813010590009530FE /* pal_file_apple.h */,
				296F5DD512FBC81E009530FE /* pal_timer_apple.h */,
				29F0C72012FBBCDB00A5E33E /* pal_atomic_apple.h */,
				29F0C72112FBBCDB00A5E33E /* pal_thread_apple.cpp */,
				29F0C72212FBBCDB00A5E33E /* pal_thread_apple.h */,
			);
			name = apple;
			path = ../libpal/apple;
			sourceTree = "<group>";
		};
		29F0C72312FBBCDB00A5E33E /* SFMT */ = {
			isa = PBXGroup;
			children = (
				29F0C72412FBBCDB00A5E33E /* SFMT-alti.h */,
				29F0C72512FBBCDB00A5E33E /* SFMT-params.h */,
				29F0C72612FBBCDB00A5E33E /* SFMT-params11213.h */,
				29F0C72712FBBCDB00A5E33E /* SFMT-params1279.h */,
				29F0C72812FBBCDB00A5E33E /* SFMT-params132049.h */,
				29F0C72912FBBCDB00A5E33E /* SFMT-params19937.h */,
				29F0C72A12FBBCDB00A5E33E /* SFMT-params216091.h */,
				29F0C72B12FBBCDB00A5E33E /* SFMT-params2281.h */,
				29F0C72C12FBBCDB00A5E33E /* SFMT-params4253.h */,
				29F0C72D12FBBCDB00A5E33E /* SFMT-params44497.h */,
				29F0C72E12FBBCDB00A5E33E /* SFMT-params607.h */,
				29F0C72F12FBBCDB00A5E33E /* SFMT-params86243.h */,
				29F0C73012FBBCDB00A5E33E /* SFMT-sse2.h */,
				29F0C73112FBBCDB00A5E33E /* SFMT.cpp */,
				29F0C73212FBBCDB00A5E33E /* SFMT.h */,
			);
			name = SFMT;
			path = ../libpal/SFMT;
			sourceTree = "<group>";
		};
		29F0C73312FBBCDB00A5E33E /* stb */ = {
			isa = PBXGroup;
			children = (
				29F0C73412FBBCDB00A5E33E /* stb_image.c */,
				29F0C73512FBBCDB00A5E33E /* stb_image.h */,
				29F0C73612FBBCDB00A5E33E /* stb_truetype.h */,
			);
			name = stb;
			path = ../libpal/stb;
			sourceTree = "<group>";
		};
		29F0C73712FBBCDB00A5E33E /* tlsf */ = {
			isa = PBXGroup;
			children = (
				29F0C73812FBBCDB00A5E33E /* Readme.txt */,
				29F0C73912FBBCDB00A5E33E /* tlsf.c */,
				29F0C73A12FBBCDB00A5E33E /* tlsf.h */,
				29F0C73B12FBBCDB00A5E33E /* tlsfbits.h */,
			);
			name = tlsf;
			path = ../libpal/tlsf;
			sourceTree = "<group>";
		};
		29F0C73C12FBBCDB00A5E33E /* x86 */ = {
			isa = PBXGroup;
			children = (
				296FCED91304F389004C6887 /* pal_simd_sse_impl.h */,
				296FCEDA1304F389004C6887 /* pal_simd_sse_types.h */,
			);
			name = x86;
			path = ../libpal/x86;
			sourceTree = "<group>";
		};
/* End PBXGroup section */

/* Begin PBXHeadersBuildPhase section */
		29F0C67212FBBC9000A5E33E /* Headers */ = {
			isa = PBXHeadersBuildPhase;
			buildActionMask = 2147483647;
			files = (
				29F0C6CB12FBBCB700A5E33E /* pal_adi_keyboard_symbols.h in Headers */,
				29F0C6CC12FBBCB700A5E33E /* pal_adi_mouse_symbols.h in Headers */,
				29F0C6CE12FBBCB700A5E33E /* pal_adi.h in Headers */,
				29F0C6D012FBBCB700A5E33E /* pal_algorithms.h in Headers */,
				29F0C6D212FBBCB700A5E33E /* pal_align.h in Headers */,
				29F0C6D412FBBCB700A5E33E /* pal_allocator.h in Headers */,
				29F0C6D512FBBCB700A5E33E /* pal_array.h in Headers */,
				29F0C6D612FBBCB700A5E33E /* pal_atomic_inl.h in Headers */,
				29F0C6D712FBBCB700A5E33E /* pal_atomic.h in Headers */,
				29F0C6D912FBBCB700A5E33E /* pal_binary_reader.h in Headers */,
				29F0C6DB12FBBCB700A5E33E /* pal_compacting_allocator.h in Headers */,
				29F0C6DD12FBBCB700A5E33E /* pal_console.h in Headers */,
				29F0C6DF12FBBCB700A5E33E /* pal_debug.h in Headers */,
				29F0C6E012FBBCB700A5E33E /* pal_delegate_internal.h in Headers */,
				29F0C6E112FBBCB700A5E33E /* pal_delegate.h in Headers */,
				29F0C6E212FBBCB700A5E33E /* pal_endian.h in Headers */,
				29F0C6E412FBBCB700A5E33E /* pal_event.h in Headers */,
				29F0C6E612FBBCB700A5E33E /* pal_file.h in Headers */,
				29F0C6E812FBBCB700A5E33E /* pal_font_rasterizer_freetype.h in Headers */,
				29F0C6EA12FBBCB700A5E33E /* pal_font_rasterizer_stb.h in Headers */,
				29F0C6EC12FBBCB700A5E33E /* pal_font_rasterizer.h in Headers */,
				29F0C6EE12FBBCB700A5E33E /* pal_hash_constants.h in Headers */,
				29F0C6EF12FBBCB700A5E33E /* pal_hash_functions.h in Headers */,
				29F0C6F012FBBCB700A5E33E /* pal_hash_map_cache.h in Headers */,
				29F0C6F112FBBCB700A5E33E /* pal_hash_map.h in Headers */,
				29F0C6F212FBBCB700A5E33E /* pal_hash_set.h in Headers */,
				29F0C6F412FBBCB700A5E33E /* pal_heap_allocator.h in Headers */,
				29F0C6F512FBBCB700A5E33E /* pal_ilist.h in Headers */,
				29F0C6F712FBBCB700A5E33E /* pal_image.h in Headers */,
				29F0C6F812FBBCB700A5E33E /* pal_limits.h in Headers */,
				29F0C6F912FBBCB700A5E33E /* pal_list.h in Headers */,
				29F0C6FB12FBBCB700A5E33E /* pal_memory.h in Headers */,
				29F0C6FC12FBBCB700A5E33E /* pal_min_heap.h in Headers */,
				29F0C6FD12FBBCB700A5E33E /* pal_pair.h in Headers */,
				29F0C6FF12FBBCB700A5E33E /* pal_platform.h in Headers */,
				29F0C70012FBBCB700A5E33E /* pal_pool_allocator.h in Headers */,
				29F0C70212FBBCB700A5E33E /* pal_profiler.h in Headers */,
				29F0C70412FBBCB700A5E33E /* pal_random.h in Headers */,
				29F0C70612FBBCB700A5E33E /* pal_scalar.h in Headers */,
				29F0C70912FBBCB700A5E33E /* pal_simd.h in Headers */,
				29F0C70A12FBBCB700A5E33E /* pal_spinlock.h in Headers */,
				29F0C70B12FBBCB700A5E33E /* pal_stack_allocator.h in Headers */,
				29F0C70C12FBBCB700A5E33E /* pal_string_inl.h in Headers */,
				29F0C70E12FBBCB700A5E33E /* pal_string.h in Headers */,
				29F0C70F12FBBCB700A5E33E /* pal_thread.h in Headers */,
				29F0C71112FBBCB700A5E33E /* pal_ticketlock.h in Headers */,
				29F0C71312FBBCB700A5E33E /* pal_time_line.h in Headers */,
				29F0C71512FBBCB700A5E33E /* pal_timer_event.h in Headers */,
				29F0C71612FBBCB700A5E33E /* pal_timer.h in Headers */,
				29F0C71812FBBCB700A5E33E /* pal_tokenizer.h in Headers */,
				29F0C71912FBBCB700A5E33E /* pal_types.h in Headers */,
				29F0C71A12FBBCB700A5E33E /* pal_unicode_tables.h in Headers */,
				29F0C71C12FBBCB700A5E33E /* pal_utf8.h in Headers */,
				29F0C71E12FBBCC000A5E33E /* libpal.h in Headers */,
				29F0C73E12FBBCDB00A5E33E /* pal_atomic_apple.h in Headers */,
				29F0C74012FBBCDB00A5E33E /* pal_thread_apple.h in Headers */,
				29F0C74112FBBCDB00A5E33E /* SFMT-alti.h in Headers */,
				29F0C74212FBBCDB00A5E33E /* SFMT-params.h in Headers */,
				29F0C74312FBBCDB00A5E33E /* SFMT-params11213.h in Headers */,
				29F0C74412FBBCDB00A5E33E /* SFMT-params1279.h in Headers */,
				29F0C74512FBBCDB00A5E33E /* SFMT-params132049.h in Headers */,
				29F0C74612FBBCDB00A5E33E /* SFMT-params19937.h in Headers */,
				29F0C74712FBBCDB00A5E33E /* SFMT-params216091.h in Headers */,
				29F0C74812FBBCDB00A5E33E /* SFMT-params2281.h in Headers */,
				29F0C74912FBBCDB00A5E33E /* SFMT-params4253.h in Headers */,
				29F0C74A12FBBCDB00A5E33E /* SFMT-params44497.h in Headers */,
				29F0C74B12FBBCDB00A5E33E /* SFMT-params607.h in Headers */,
				29F0C74C12FBBCDB00A5E33E /* SFMT-params86243.h in Headers */,
				29F0C74D12FBBCDB00A5E33E /* SFMT-sse2.h in Headers */,
				29F0C74F12FBBCDB00A5E33E /* SFMT.h in Headers */,
				29F0C75112FBBCDB00A5E33E /* stb_image.h in Headers */,
				29F0C75212FBBCDB00A5E33E /* stb_truetype.h in Headers */,
				29F0C75412FBBCDB00A5E33E /* tlsf.h in Headers */,
				29F0C75512FBBCDB00A5E33E /* tlsfbits.h in Headers */,
				296F5DD612FBC81E009530FE /* pal_timer_apple.h in Headers */,
				296F5DD913010590009530FE /* pal_file_apple.h in Headers */,
				296FCEDB1304F389004C6887 /* pal_simd_sse_impl.h in Headers */,
				296FCEDC1304F389004C6887 /* pal_simd_sse_types.h in Headers */,
				296FCEDF1304F3A5004C6887 /* pal_simd_impl-inl.h in Headers */,
				296FCEE01304F3A5004C6887 /* pal_simd_types-inl.h in Headers */,
			);
			runOnlyForDeploymentPostprocessing = 0;
		};
/* End PBXHeadersBuildPhase section */

/* Begin PBXNativeTarget section */
		29F0C67312FBBC9000A5E33E /* pal */ = {
			isa = PBXNativeTarget;
			buildConfigurationList = 29F0C67512FBBC9000A5E33E /* Build configuration list for PBXNativeTarget "pal" */;
			buildPhases = (
				29F0C67012FBBC9000A5E33E /* Sources */,
				29F0C67112FBBC9000A5E33E /* Frameworks */,
				29F0C67212FBBC9000A5E33E /* Headers */,
			);
			buildRules = (
			);
			dependencies = (
			);
			name = pal;
			productName = pal;
			productReference = 29F0C67412FBBC9000A5E33E /* libpal.a */;
			productType = "com.apple.product-type.library.static";
		};
/* End PBXNativeTarget section */

/* Begin PBXProject section */
		29F0C66012FBBB9F00A5E33E /* Project object */ = {
			isa = PBXProject;
			buildConfigurationList = 29F0C66312FBBB9F00A5E33E /* Build configuration list for PBXProject "pal" */;
			compatibilityVersion = "Xcode 3.2";
			developmentRegion = English;
			hasScannedForEncodings = 0;
			knownRegions = (
				en,
			);
			mainGroup = 29F0C65E12FBBB9F00A5E33E;
			productRefGroup = 29F0C66C12FBBC3300A5E33E /* Products */;
			projectDirPath = "";
			projectRoot = "";
			targets = (
				29F0C67312FBBC9000A5E33E /* pal */,
			);
		};
/* End PBXProject section */

/* Begin PBXSourcesBuildPhase section */
		29F0C67012FBBC9000A5E33E /* Sources */ = {
			isa = PBXSourcesBuildPhase;
			buildActionMask = 2147483647;
			files = (
				29F0C6CD12FBBCB700A5E33E /* pal_adi.cpp in Sources */,
				29F0C6CF12FBBCB700A5E33E /* pal_algorithms.cpp in Sources */,
				29F0C6D112FBBCB700A5E33E /* pal_align.cpp in Sources */,
				29F0C6D312FBBCB700A5E33E /* pal_allocator.cpp in Sources */,
				29F0C6D812FBBCB700A5E33E /* pal_binary_reader.cpp in Sources */,
				29F0C6DA12FBBCB700A5E33E /* pal_compacting_allocator.cpp in Sources */,
				29F0C6DC12FBBCB700A5E33E /* pal_console.cpp in Sources */,
				29F0C6DE12FBBCB700A5E33E /* pal_debug.cpp in Sources */,
				29F0C6E312FBBCB700A5E33E /* pal_event.cpp in Sources */,
				29F0C6E512FBBCB700A5E33E /* pal_file.cpp in Sources */,
				29F0C6E712FBBCB700A5E33E /* pal_font_rasterizer_freetype.cpp in Sources */,
				29F0C6E912FBBCB700A5E33E /* pal_font_rasterizer_stb.cpp in Sources */,
				29F0C6EB12FBBCB700A5E33E /* pal_font_rasterizer.cpp in Sources */,
				29F0C6ED12FBBCB700A5E33E /* pal_hash_constants.cpp in Sources */,
				29F0C6F312FBBCB700A5E33E /* pal_heap_allocator.cpp in Sources */,
				29F0C6F612FBBCB700A5E33E /* pal_image.cpp in Sources */,
				29F0C6FA12FBBCB700A5E33E /* pal_memory.cpp in Sources */,
				29F0C6FE12FBBCB700A5E33E /* pal_platform.cpp in Sources */,
				29F0C70112FBBCB700A5E33E /* pal_profiler.cpp in Sources */,
				29F0C70312FBBCB700A5E33E /* pal_random.cpp in Sources */,
				29F0C70512FBBCB700A5E33E /* pal_scalar.cpp in Sources */,
				29F0C70812FBBCB700A5E33E /* pal_simd.cpp in Sources */,
				29F0C70D12FBBCB700A5E33E /* pal_string.cpp in Sources */,
				29F0C71012FBBCB700A5E33E /* pal_ticketlock.cpp in Sources */,
				29F0C71212FBBCB700A5E33E /* pal_time_line.cpp in Sources */,
				29F0C71412FBBCB700A5E33E /* pal_timer_event.cpp in Sources */,
				29F0C71712FBBCB700A5E33E /* pal_tokenizer.cpp in Sources */,
				29F0C71B12FBBCB700A5E33E /* pal_utf8.cpp in Sources */,
				29F0C73F12FBBCDB00A5E33E /* pal_thread_apple.cpp in Sources */,
				29F0C74E12FBBCDB00A5E33E /* SFMT.cpp in Sources */,
				29F0C75012FBBCDB00A5E33E /* stb_image.c in Sources */,
				29F0C75312FBBCDB00A5E33E /* tlsf.c in Sources */,
			);
			runOnlyForDeploymentPostprocessing = 0;
		};
/* End PBXSourcesBuildPhase section */

/* Begin XCBuildConfiguration section */
		29F0C66512FBBB9F00A5E33E /* Debug */ = {
			isa = XCBuildConfiguration;
			buildSettings = {
				GCC_ENABLE_SSE3_EXTENSIONS = YES;
				GCC_ENABLE_SSE41_EXTENSIONS = YES;
				GCC_ENABLE_SSE42_EXTENSIONS = YES;
			};
			name = Debug;
		};
		29F0C66612FBBB9F00A5E33E /* Release */ = {
			isa = XCBuildConfiguration;
			buildSettings = {
				GCC_ENABLE_SSE3_EXTENSIONS = YES;
				GCC_ENABLE_SSE41_EXTENSIONS = YES;
				GCC_ENABLE_SSE42_EXTENSIONS = YES;
			};
			name = Release;
		};
		29F0C67612FBBC9000A5E33E /* Debug */ = {
			isa = XCBuildConfiguration;
			buildSettings = {
				ALWAYS_SEARCH_USER_PATHS = NO;
				ARCHS = "$(ARCHS_STANDARD_32_64_BIT)";
				COPY_PHASE_STRIP = NO;
				EXECUTABLE_PREFIX = lib;
				GCC_C_LANGUAGE_STANDARD = gnu99;
				GCC_DYNAMIC_NO_PIC = NO;
				GCC_ENABLE_OBJC_EXCEPTIONS = NO;
				GCC_ENABLE_SSE3_EXTENSIONS = YES;
				GCC_ENABLE_SSE41_EXTENSIONS = YES;
				GCC_ENABLE_SSE42_EXTENSIONS = YES;
				GCC_OPTIMIZATION_LEVEL = 0;
				GCC_PREPROCESSOR_DEFINITIONS = DEBUG;
				GCC_VERSION = com.apple.compilers.llvm.clang.1_0;
				GCC_WARN_ABOUT_RETURN_TYPE = YES;
				GCC_WARN_UNUSED_VARIABLE = YES;
				HEADER_SEARCH_PATHS = "~/workspace/pal/libpal/freetype/include";
				INSTALL_PATH = /usr/local/lib;
				MACOSX_DEPLOYMENT_TARGET = 10.6;
				ONLY_ACTIVE_ARCH = YES;
				PRODUCT_NAME = "$(TARGET_NAME)";
				SDKROOT = macosx;
				USER_HEADER_SEARCH_PATHS = "~/workspace/pal";
			};
			name = Debug;
		};
		29F0C67712FBBC9000A5E33E /* Release */ = {
			isa = XCBuildConfiguration;
			buildSettings = {
				ALWAYS_SEARCH_USER_PATHS = NO;
				ARCHS = "$(ARCHS_STANDARD_32_64_BIT)";
				COPY_PHASE_STRIP = YES;
				DEBUG_INFORMATION_FORMAT = "dwarf-with-dsym";
				EXECUTABLE_PREFIX = lib;
				GCC_C_LANGUAGE_STANDARD = gnu99;
				GCC_ENABLE_OBJC_EXCEPTIONS = NO;
				GCC_ENABLE_SSE3_EXTENSIONS = YES;
				GCC_ENABLE_SSE41_EXTENSIONS = YES;
				GCC_ENABLE_SSE42_EXTENSIONS = YES;
				GCC_VERSION = com.apple.compilers.llvm.clang.1_0;
				GCC_WARN_ABOUT_RETURN_TYPE = YES;
				GCC_WARN_UNUSED_VARIABLE = YES;
				HEADER_SEARCH_PATHS = "~/workspace/pal/libpal/freetype/include";
				INSTALL_PATH = /usr/local/lib;
				MACOSX_DEPLOYMENT_TARGET = 10.6;
				PRODUCT_NAME = "$(TARGET_NAME)";
				SDKROOT = macosx;
				USER_HEADER_SEARCH_PATHS = "~/workspace/pal";
			};
			name = Release;
		};
/* End XCBuildConfiguration section */

/* Begin XCConfigurationList section */
		29F0C66312FBBB9F00A5E33E /* Build configuration list for PBXProject "pal" */ = {
			isa = XCConfigurationList;
			buildConfigurations = (
				29F0C66512FBBB9F00A5E33E /* Debug */,
				29F0C66612FBBB9F00A5E33E /* Release */,
			);
			defaultConfigurationIsVisible = 0;
			defaultConfigurationName = Release;
		};
		29F0C67512FBBC9000A5E33E /* Build configuration list for PBXNativeTarget "pal" */ = {
			isa = XCConfigurationList;
			buildConfigurations = (
				29F0C67612FBBC9000A5E33E /* Debug */,
				29F0C67712FBBC9000A5E33E /* Release */,
			);
			defaultConfigurationIsVisible = 0;
			defaultConfigurationName = Release;
		};
/* End XCConfigurationList section */
	};
	rootObject = 29F0C66012FBBB9F00A5E33E /* Project object */;
}
